
Microsoft Visual Studio Solution File, Format Version 12.00
# Visual Studio 15
VisualStudioVersion = 15.0.28010.2041
MinimumVisualStudioVersion = 10.0.40219.1
Project("{FAE04EC0-301F-11D3-BF4B-00C04F79EFBC}") = "client", "client\client.csproj", "{F57A6BFF-D72C-49EE-9ECE-96562DBD413E}"
EndProject
Project("{FAE04EC0-301F-11D3-BF4B-00C04F79EFBC}") = "my2d_plots_extension", "..\..\..\..\..\__Visual Studio projects\mylibs\c#\my2d_plots_extension\my2d_plots_extension\my2d_plots_extension.csproj", "{6984C792-307B-4EEC-BFA4-F18A6603E33A}"
EndProject
Global
	GlobalSection(SolutionConfigurationPlatforms) = preSolution
		Debug|Any CPU = Debug|Any CPU
		Release|Any CPU = Release|Any CPU
	EndGlobalSection
	GlobalSection(ProjectConfigurationPlatforms) = postSolution
		{F57A6BFF-D72C-49EE-9ECE-96562DBD413E}.Debug|Any CPU.ActiveCfg = Debug|Any CPU
		{F57A6BFF-D72C-49EE-9ECE-96562DBD413E}.Debug|Any CPU.Build.0 = Debug|Any CPU
		{F57A6BFF-D72C-49EE-9ECE-96562DBD413E}.Release|Any CPU.ActiveCfg = Release|Any CPU
		{F57A6BFF-D72C-49EE-9ECE-96562DBD413E}.Release|Any CPU.Build.0 = Release|Any CPU
		{6984C792-307B-4EEC-BFA4-F18A6603E33A}.Debug|Any CPU.ActiveCfg = Debug|Any CPU
		{6984C792-307B-4EEC-BFA4-F18A6603E33A}.Debug|Any CPU.Build.0 = Debug|Any CPU
		{6984C792-307B-4EEC-BFA4-F18A6603E33A}.Release|Any CPU.ActiveCfg = Release|Any CPU
		{6984C792-307B-4EEC-BFA4-F18A6603E33A}.Release|Any CPU.Build.0 = Release|Any CPU
	EndGlobalSection
	GlobalSection(SolutionProperties) = preSolution
		HideSolutionNode = FALSE
	EndGlobalSection
	GlobalSection(ExtensibilityGlobals) = postSolution
		SolutionGuid = {E46172BD-93D0-4EB1-B212-029470767E84}
	EndGlobalSection
EndGlobal
